// !$*UTF8*$!
{
	archiveVersion = 1;
	classes = {
	};
	objectVersion = 50;
	objects = {

/* Begin PBXBuildFile section */
		087F085323B3A5A3006983CA /* AppDelegate.swift in Sources */ = {isa = PBXBuildFile; fileRef = 087F085223B3A5A3006983CA /* AppDelegate.swift */; };
		087F085523B3A5A5006983CA /* Assets.xcassets in Resources */ = {isa = PBXBuildFile; fileRef = 087F085423B3A5A5006983CA /* Assets.xcassets */; };
		087F085823B3A5A5006983CA /* MainMenu.xib in Resources */ = {isa = PBXBuildFile; fileRef = 087F085623B3A5A5006983CA /* MainMenu.xib */; };
		087F086423B3A5A5006983CA /* ImagePreviewTests.swift in Sources */ = {isa = PBXBuildFile; fileRef = 087F086323B3A5A5006983CA /* ImagePreviewTests.swift */; };
		08EF851E23FD7AAB00D8209A /* main.swift in Sources */ = {isa = PBXBuildFile; fileRef = 08EF851D23FD7AAB00D8209A /* main.swift */; };
/* End PBXBuildFile section */

/* Begin PBXContainerItemProxy section */
		087F086023B3A5A5006983CA /* PBXContainerItemProxy */ = {
			isa = PBXContainerItemProxy;
			containerPortal = 087F084723B3A5A3006983CA /* Project object */;
			proxyType = 1;
			remoteGlobalIDString = 087F084E23B3A5A3006983CA;
			remoteInfo = ImagePreview;
		};
/* End PBXContainerItemProxy section */

/* Begin PBXCopyFilesBuildPhase section */
		08EF851923FD7AAB00D8209A /* CopyFiles */ = {
			isa = PBXCopyFilesBuildPhase;
			buildActionMask = 2147483647;
			dstPath = /usr/share/man/man1/;
			dstSubfolderSpec = 0;
			files = (
			);
			runOnlyForDeploymentPostprocessing = 1;
		};
/* End PBXCopyFilesBuildPhase section */

/* Begin PBXFileReference section */
		087F084F23B3A5A3006983CA /* ImagePreview.app */ = {isa = PBXFileReference; explicitFileType = wrapper.application; includeInIndex = 0; path = ImagePreview.app; sourceTree = BUILT_PRODUCTS_DIR; };
		087F085223B3A5A3006983CA /* AppDelegate.swift */ = {isa = PBXFileReference; lastKnownFileType = sourcecode.swift; path = AppDelegate.swift; sourceTree = "<group>"; };
		087F085423B3A5A5006983CA /* Assets.xcassets */ = {isa = PBXFileReference; lastKnownFileType = folder.assetcatalog; path = Assets.xcassets; sourceTree = "<group>"; };
		087F085723B3A5A5006983CA /* Base */ = {isa = PBXFileReference; lastKnownFileType = file.xib; name = Base; path = Base.lproj/MainMenu.xib; sourceTree = "<group>"; };
		087F085923B3A5A5006983CA /* Info.plist */ = {isa = PBXFileReference; lastKnownFileType = text.plist.xml; path = Info.plist; sourceTree = "<group>"; };
		087F085A23B3A5A5006983CA /* ImagePreview.entitlements */ = {isa = PBXFileReference; lastKnownFileType = text.plist.entitlements; path = ImagePreview.entitlements; sourceTree = "<group>"; };
		087F085F23B3A5A5006983CA /* ImagePreviewTests.xctest */ = {isa = PBXFileReference; explicitFileType = wrapper.cfbundle; includeInIndex = 0; path = ImagePreviewTests.xctest; sourceTree = BUILT_PRODUCTS_DIR; };
		087F086323B3A5A5006983CA /* ImagePreviewTests.swift */ = {isa = PBXFileReference; lastKnownFileType = sourcecode.swift; path = ImagePreviewTests.swift; sourceTree = "<group>"; };
		087F086523B3A5A5006983CA /* Info.plist */ = {isa = PBXFileReference; lastKnownFileType = text.plist.xml; path = Info.plist; sourceTree = "<group>"; };
		08EF851B23FD7AAB00D8209A /* ImagePreviewLauncher */ = {isa = PBXFileReference; explicitFileType = "compiled.mach-o.executable"; includeInIndex = 0; path = ImagePreviewLauncher; sourceTree = BUILT_PRODUCTS_DIR; };
		08EF851D23FD7AAB00D8209A /* main.swift */ = {isa = PBXFileReference; lastKnownFileType = sourcecode.swift; path = main.swift; sourceTree = "<group>"; };
/* End PBXFileReference section */

/* Begin PBXFrameworksBuildPhase section */
		087F084C23B3A5A3006983CA /* Frameworks */ = {
			isa = PBXFrameworksBuildPhase;
			buildActionMask = 2147483647;
			files = (
			);
			runOnlyForDeploymentPostprocessing = 0;
		};
		087F085C23B3A5A5006983CA /* Frameworks */ = {
			isa = PBXFrameworksBuildPhase;
			buildActionMask = 2147483647;
			files = (
			);
			runOnlyForDeploymentPostprocessing = 0;
		};
		08EF851823FD7AAB00D8209A /* Frameworks */ = {
			isa = PBXFrameworksBuildPhase;
			buildActionMask = 2147483647;
			files = (
			);
			runOnlyForDeploymentPostprocessing = 0;
		};
/* End PBXFrameworksBuildPhase section */

/* Begin PBXGroup section */
		087F084623B3A5A3006983CA = {
			isa = PBXGroup;
			children = (
				087F085123B3A5A3006983CA /* ImagePreview */,
				087F086223B3A5A5006983CA /* ImagePreviewTests */,
				08EF851C23FD7AAB00D8209A /* ImagePreviewLauncher */,
				087F085023B3A5A3006983CA /* Products */,
			);
			sourceTree = "<group>";
		};
		087F085023B3A5A3006983CA /* Products */ = {
			isa = PBXGroup;
			children = (
				087F084F23B3A5A3006983CA /* ImagePreview.app */,
				087F085F23B3A5A5006983CA /* ImagePreviewTests.xctest */,
				08EF851B23FD7AAB00D8209A /* ImagePreviewLauncher */,
			);
			name = Products;
			sourceTree = "<group>";
		};
		087F085123B3A5A3006983CA /* ImagePreview */ = {
			isa = PBXGroup;
			children = (
				087F085223B3A5A3006983CA /* AppDelegate.swift */,
				087F085423B3A5A5006983CA /* Assets.xcassets */,
				087F085623B3A5A5006983CA /* MainMenu.xib */,
				087F085923B3A5A5006983CA /* Info.plist */,
				087F085A23B3A5A5006983CA /* ImagePreview.entitlements */,
			);
			path = ImagePreview;
			sourceTree = "<group>";
		};
		087F086223B3A5A5006983CA /* ImagePreviewTests */ = {
			isa = PBXGroup;
			children = (
				087F086323B3A5A5006983CA /* ImagePreviewTests.swift */,
				087F086523B3A5A5006983CA /* Info.plist */,
			);
			path = ImagePreviewTests;
			sourceTree = "<group>";
		};
		08EF851C23FD7AAB00D8209A /* ImagePreviewLauncher */ = {
			isa = PBXGroup;
			children = (
				08EF851D23FD7AAB00D8209A /* main.swift */,
			);
			path = ImagePreviewLauncher;
			sourceTree = "<group>";
		};
/* End PBXGroup section */

/* Begin PBXNativeTarget section */
		087F084E23B3A5A3006983CA /* ImagePreview */ = {
			isa = PBXNativeTarget;
			buildConfigurationList = 087F086823B3A5A5006983CA /* Build configuration list for PBXNativeTarget "ImagePreview" */;
			buildPhases = (
				087F084B23B3A5A3006983CA /* Sources */,
				087F084C23B3A5A3006983CA /* Frameworks */,
				087F084D23B3A5A3006983CA /* Resources */,
			);
			buildRules = (
			);
			dependencies = (
			);
			name = ImagePreview;
			productName = ImagePreview;
			productReference = 087F084F23B3A5A3006983CA /* ImagePreview.app */;
			productType = "com.apple.product-type.application";
		};
		087F085E23B3A5A5006983CA /* ImagePreviewTests */ = {
			isa = PBXNativeTarget;
			buildConfigurationList = 087F086B23B3A5A5006983CA /* Build configuration list for PBXNativeTarget "ImagePreviewTests" */;
			buildPhases = (
				087F085B23B3A5A5006983CA /* Sources */,
				087F085C23B3A5A5006983CA /* Frameworks */,
				087F085D23B3A5A5006983CA /* Resources */,
			);
			buildRules = (
			);
			dependencies = (
				087F086123B3A5A5006983CA /* PBXTargetDependency */,
			);
			name = ImagePreviewTests;
			productName = ImagePreviewTests;
			productReference = 087F085F23B3A5A5006983CA /* ImagePreviewTests.xctest */;
			productType = "com.apple.product-type.bundle.unit-test";
		};
		08EF851A23FD7AAB00D8209A /* ImagePreviewLauncher */ = {
			isa = PBXNativeTarget;
			buildConfigurationList = 08EF852123FD7AAB00D8209A /* Build configuration list for PBXNativeTarget "ImagePreviewLauncher" */;
			buildPhases = (
				08EF851723FD7AAB00D8209A /* Sources */,
				08EF851823FD7AAB00D8209A /* Frameworks */,
				08EF851923FD7AAB00D8209A /* CopyFiles */,
			);
			buildRules = (
			);
			dependencies = (
			);
			name = ImagePreviewLauncher;
			productName = ImagePreviewLauncher;
			productReference = 08EF851B23FD7AAB00D8209A /* ImagePreviewLauncher */;
			productType = "com.apple.product-type.tool";
		};
/* End PBXNativeTarget section */

/* Begin PBXProject section */
		087F084723B3A5A3006983CA /* Project object */ = {
			isa = PBXProject;
			attributes = {
				LastSwiftUpdateCheck = 1110;
				LastUpgradeCheck = 1110;
				ORGANIZATIONNAME = "Yohta Watanave";
				TargetAttributes = {
					087F084E23B3A5A3006983CA = {
						CreatedOnToolsVersion = 11.1;
					};
					087F085E23B3A5A5006983CA = {
						CreatedOnToolsVersion = 11.1;
						TestTargetID = 087F084E23B3A5A3006983CA;
					};
					08EF851A23FD7AAB00D8209A = {
						CreatedOnToolsVersion = 11.1;
					};
				};
			};
			buildConfigurationList = 087F084A23B3A5A3006983CA /* Build configuration list for PBXProject "ImagePreview" */;
			compatibilityVersion = "Xcode 9.3";
			developmentRegion = en;
			hasScannedForEncodings = 0;
			knownRegions = (
				en,
				Base,
			);
			mainGroup = 087F084623B3A5A3006983CA;
			productRefGroup = 087F085023B3A5A3006983CA /* Products */;
			projectDirPath = "";
			projectRoot = "";
			targets = (
				087F084E23B3A5A3006983CA /* ImagePreview */,
				087F085E23B3A5A5006983CA /* ImagePreviewTests */,
				08EF851A23FD7AAB00D8209A /* ImagePreviewLauncher */,
			);
		};
/* End PBXProject section */

/* Begin PBXResourcesBuildPhase section */
		087F084D23B3A5A3006983CA /* Resources */ = {
			isa = PBXResourcesBuildPhase;
			buildActionMask = 2147483647;
			files = (
				087F085523B3A5A5006983CA /* Assets.xcassets in Resources */,
				087F085823B3A5A5006983CA /* MainMenu.xib in Resources */,
			);
			runOnlyForDeploymentPostprocessing = 0;
		};
		087F085D23B3A5A5006983CA /* Resources */ = {
			isa = PBXResourcesBuildPhase;
			buildActionMask = 2147483647;
			files = (
			);
			runOnlyForDeploymentPostprocessing = 0;
		};
/* End PBXResourcesBuildPhase section */

/* Begin PBXSourcesBuildPhase section */
		087F084B23B3A5A3006983CA /* Sources */ = {
			isa = PBXSourcesBuildPhase;
			buildActionMask = 2147483647;
			files = (
				087F085323B3A5A3006983CA /* AppDelegate.swift in Sources */,
			);
			runOnlyForDeploymentPostprocessing = 0;
		};
		087F085B23B3A5A5006983CA /* Sources */ = {
			isa = PBXSourcesBuildPhase;
			buildActionMask = 2147483647;
			files = (
				087F086423B3A5A5006983CA /* ImagePreviewTests.swift in Sources */,
			);
			runOnlyForDeploymentPostprocessing = 0;
		};
		08EF851723FD7AAB00D8209A /* Sources */ = {
			isa = PBXSourcesBuildPhase;
			buildActionMask = 2147483647;
			files = (
				08EF851E23FD7AAB00D8209A /* main.swift in Sources */,
			);
			runOnlyForDeploymentPostprocessing = 0;
		};
/* End PBXSourcesBuildPhase section */

/* Begin PBXTargetDependency section */
		087F086123B3A5A5006983CA /* PBXTargetDependency */ = {
			isa = PBXTargetDependency;
			target = 087F084E23B3A5A3006983CA /* ImagePreview */;
			targetProxy = 087F086023B3A5A5006983CA /* PBXContainerItemProxy */;
		};
/* End PBXTargetDependency section */

/* Begin PBXVariantGroup section */
		087F085623B3A5A5006983CA /* MainMenu.xib */ = {
			isa = PBXVariantGroup;
			children = (
				087F085723B3A5A5006983CA /* Base */,
			);
			name = MainMenu.xib;
			sourceTree = "<group>";
		};
/* End PBXVariantGroup section */

/* Begin XCBuildConfiguration section */
		087F086623B3A5A5006983CA /* Debug */ = {
			isa = XCBuildConfiguration;
			buildSettings = {
				ALWAYS_SEARCH_USER_PATHS = NO;
				CLANG_ANALYZER_NONNULL = YES;
				CLANG_ANALYZER_NUMBER_OBJECT_CONVERSION = YES_AGGRESSIVE;
				CLANG_CXX_LANGUAGE_STANDARD = "gnu++14";
				CLANG_CXX_LIBRARY = "libc++";
				CLANG_ENABLE_MODULES = YES;
				CLANG_ENABLE_OBJC_ARC = YES;
				CLANG_ENABLE_OBJC_WEAK = YES;
				CLANG_WARN_BLOCK_CAPTURE_AUTORELEASING = YES;
				CLANG_WARN_BOOL_CONVERSION = YES;
				CLANG_WARN_COMMA = YES;
				CLANG_WARN_CONSTANT_CONVERSION = YES;
				CLANG_WARN_DEPRECATED_OBJC_IMPLEMENTATIONS = YES;
				CLANG_WARN_DIRECT_OBJC_ISA_USAGE = YES_ERROR;
				CLANG_WARN_DOCUMENTATION_COMMENTS = YES;
				CLANG_WARN_EMPTY_BODY = YES;
				CLANG_WARN_ENUM_CONVERSION = YES;
				CLANG_WARN_INFINITE_RECURSION = YES;
				CLANG_WARN_INT_CONVERSION = YES;
				CLANG_WARN_NON_LITERAL_NULL_CONVERSION = YES;
				CLANG_WARN_OBJC_IMPLICIT_RETAIN_SELF = YES;
				CLANG_WARN_OBJC_LITERAL_CONVERSION = YES;
				CLANG_WARN_OBJC_ROOT_CLASS = YES_ERROR;
				CLANG_WARN_RANGE_LOOP_ANALYSIS = YES;
				CLANG_WARN_STRICT_PROTOTYPES = YES;
				CLANG_WARN_SUSPICIOUS_MOVE = YES;
				CLANG_WARN_UNGUARDED_AVAILABILITY = YES_AGGRESSIVE;
				CLANG_WARN_UNREACHABLE_CODE = YES;
				CLANG_WARN__DUPLICATE_METHOD_MATCH = YES;
				COPY_PHASE_STRIP = NO;
				DEBUG_INFORMATION_FORMAT = dwarf;
				ENABLE_STRICT_OBJC_MSGSEND = YES;
				ENABLE_TESTABILITY = YES;
				GCC_C_LANGUAGE_STANDARD = gnu11;
				GCC_DYNAMIC_NO_PIC = NO;
				GCC_NO_COMMON_BLOCKS = YES;
				GCC_OPTIMIZATION_LEVEL = 0;
				GCC_PREPROCESSOR_DEFINITIONS = (
					"DEBUG=1",
					"$(inherited)",
				);
				GCC_WARN_64_TO_32_BIT_CONVERSION = YES;
				GCC_WARN_ABOUT_RETURN_TYPE = YES_ERROR;
				GCC_WARN_UNDECLARED_SELECTOR = YES;
				GCC_WARN_UNINITIALIZED_AUTOS = YES_AGGRESSIVE;
				GCC_WARN_UNUSED_FUNCTION = YES;
				GCC_WARN_UNUSED_VARIABLE = YES;
				MACOSX_DEPLOYMENT_TARGET = 10.15;
				MTL_ENABLE_DEBUG_INFO = INCLUDE_SOURCE;
				MTL_FAST_MATH = YES;
				ONLY_ACTIVE_ARCH = YES;
				SDKROOT = macosx;
				SWIFT_ACTIVE_COMPILATION_CONDITIONS = DEBUG;
				SWIFT_OPTIMIZATION_LEVEL = "-Onone";
			};
			name = Debug;
		};
		087F086723B3A5A5006983CA /* Release */ = {
			isa = XCBuildConfiguration;
			buildSettings = {
				ALWAYS_SEARCH_USER_PATHS = NO;
				CLANG_ANALYZER_NONNULL = YES;
				CLANG_ANALYZER_NUMBER_OBJECT_CONVERSION = YES_AGGRESSIVE;
				CLANG_CXX_LANGUAGE_STANDARD = "gnu++14";
				CLANG_CXX_LIBRARY = "libc++";
				CLANG_ENABLE_MODULES = YES;
				CLANG_ENABLE_OBJC_ARC = YES;
				CLANG_ENABLE_OBJC_WEAK = YES;
				CLANG_WARN_BLOCK_CAPTURE_AUTORELEASING = YES;
				CLANG_WARN_BOOL_CONVERSION = YES;
				CLANG_WARN_COMMA = YES;
				CLANG_WARN_CONSTANT_CONVERSION = YES;
				CLANG_WARN_DEPRECATED_OBJC_IMPLEMENTATIONS = YES;
				CLANG_WARN_DIRECT_OBJC_ISA_USAGE = YES_ERROR;
				CLANG_WARN_DOCUMENTATION_COMMENTS = YES;
				CLANG_WARN_EMPTY_BODY = YES;
				CLANG_WARN_ENUM_CONVERSION = YES;
				CLANG_WARN_INFINITE_RECURSION = YES;
				CLANG_WARN_INT_CONVERSION = YES;
				CLANG_WARN_NON_LITERAL_NULL_CONVERSION = YES;
				CLANG_WARN_OBJC_IMPLICIT_RETAIN_SELF = YES;
				CLANG_WARN_OBJC_LITERAL_CONVERSION = YES;
				CLANG_WARN_OBJC_ROOT_CLASS = YES_ERROR;
				CLANG_WARN_RANGE_LOOP_ANALYSIS = YES;
				CLANG_WARN_STRICT_PROTOTYPES = YES;
				CLANG_WARN_SUSPICIOUS_MOVE = YES;
				CLANG_WARN_UNGUARDED_AVAILABILITY = YES_AGGRESSIVE;
				CLANG_WARN_UNREACHABLE_CODE = YES;
				CLANG_WARN__DUPLICATE_METHOD_MATCH = YES;
				COPY_PHASE_STRIP = NO;
				DEBUG_INFORMATION_FORMAT = "dwarf-with-dsym";
				ENABLE_NS_ASSERTIONS = NO;
				ENABLE_STRICT_OBJC_MSGSEND = YES;
				GCC_C_LANGUAGE_STANDARD = gnu11;
				GCC_NO_COMMON_BLOCKS = YES;
				GCC_WARN_64_TO_32_BIT_CONVERSION = YES;
				GCC_WARN_ABOUT_RETURN_TYPE = YES_ERROR;
				GCC_WARN_UNDECLARED_SELECTOR = YES;
				GCC_WARN_UNINITIALIZED_AUTOS = YES_AGGRESSIVE;
				GCC_WARN_UNUSED_FUNCTION = YES;
				GCC_WARN_UNUSED_VARIABLE = YES;
				MACOSX_DEPLOYMENT_TARGET = 10.15;
				MTL_ENABLE_DEBUG_INFO = NO;
				MTL_FAST_MATH = YES;
				SDKROOT = macosx;
				SWIFT_COMPILATION_MODE = wholemodule;
				SWIFT_OPTIMIZATION_LEVEL = "-O";
			};
			name = Release;
		};
		087F086923B3A5A5006983CA /* Debug */ = {
			isa = XCBuildConfiguration;
			buildSettings = {
				ASSETCATALOG_COMPILER_APPICON_NAME = AppIcon;
				CODE_SIGN_ENTITLEMENTS = ImagePreview/ImagePreview.entitlements;
				CODE_SIGN_STYLE = Automatic;
				COMBINE_HIDPI_IMAGES = YES;
				DEVELOPMENT_TEAM = WLN29ZWFG6;
				ENABLE_HARDENED_RUNTIME = YES;
				INFOPLIST_FILE = ImagePreview/Info.plist;
				LD_RUNPATH_SEARCH_PATHS = (
					"$(inherited)",
					"@executable_path/../Frameworks",
				);
				PRODUCT_BUNDLE_IDENTIFIER = tech.watanave.ImagePreview;
				PRODUCT_NAME = "$(TARGET_NAME)";
				SWIFT_VERSION = 5.0;
			};
			name = Debug;
		};
		087F086A23B3A5A5006983CA /* Release */ = {
			isa = XCBuildConfiguration;
			buildSettings = {
				ASSETCATALOG_COMPILER_APPICON_NAME = AppIcon;
				CODE_SIGN_ENTITLEMENTS = ImagePreview/ImagePreview.entitlements;
				CODE_SIGN_STYLE = Automatic;
				COMBINE_HIDPI_IMAGES = YES;
				DEVELOPMENT_TEAM = WLN29ZWFG6;
				ENABLE_HARDENED_RUNTIME = YES;
				INFOPLIST_FILE = ImagePreview/Info.plist;
				LD_RUNPATH_SEARCH_PATHS = (
					"$(inherited)",
					"@executable_path/../Frameworks",
				);
				PRODUCT_BUNDLE_IDENTIFIER = tech.watanave.ImagePreview;
				PRODUCT_NAME = "$(TARGET_NAME)";
				SWIFT_VERSION = 5.0;
			};
			name = Release;
		};
		087F086C23B3A5A5006983CA /* Debug */ = {
			isa = XCBuildConfiguration;
			buildSettings = {
				ALWAYS_EMBED_SWIFT_STANDARD_LIBRARIES = YES;
				BUNDLE_LOADER = "$(TEST_HOST)";
				CODE_SIGN_STYLE = Automatic;
				COMBINE_HIDPI_IMAGES = YES;
				DEVELOPMENT_TEAM = WLN29ZWFG6;
				INFOPLIST_FILE = ImagePreviewTests/Info.plist;
				LD_RUNPATH_SEARCH_PATHS = (
					"$(inherited)",
					"@executable_path/../Frameworks",
					"@loader_path/../Frameworks",
				);
				MACOSX_DEPLOYMENT_TARGET = 10.15;
				PRODUCT_BUNDLE_IDENTIFIER = tech.watanave.ImagePreviewTests;
				PRODUCT_NAME = "$(TARGET_NAME)";
				SWIFT_VERSION = 5.0;
				TEST_HOST = "$(BUILT_PRODUCTS_DIR)/ImagePreview.app/Contents/MacOS/ImagePreview";
			};
			name = Debug;
		};
		087F086D23B3A5A5006983CA /* Release */ = {
			isa = XCBuildConfiguration;
			buildSettings = {
				ALWAYS_EMBED_SWIFT_STANDARD_LIBRARIES = YES;
				BUNDLE_LOADER = "$(TEST_HOST)";
				CODE_SIGN_STYLE = Automatic;
				COMBINE_HIDPI_IMAGES = YES;
				DEVELOPMENT_TEAM = WLN29ZWFG6;
				INFOPLIST_FILE = ImagePreviewTests/Info.plist;
				LD_RUNPATH_SEARCH_PATHS = (
					"$(inherited)",
					"@executable_path/../Frameworks",
					"@loader_path/../Frameworks",
				);
				MACOSX_DEPLOYMENT_TARGET = 10.15;
				PRODUCT_BUNDLE_IDENTIFIER = tech.watanave.ImagePreviewTests;
				PRODUCT_NAME = "$(TARGET_NAME)";
				SWIFT_VERSION = 5.0;
				TEST_HOST = "$(BUILT_PRODUCTS_DIR)/ImagePreview.app/Contents/MacOS/ImagePreview";
			};
			name = Release;
		};
		08EF851F23FD7AAB00D8209A /* Debug */ = {
			isa = XCBuildConfiguration;
			buildSettings = {
				CODE_SIGN_STYLE = Automatic;
				DEVELOPMENT_TEAM = WLN29ZWFG6;
				ENABLE_HARDENED_RUNTIME = YES;
				PRODUCT_NAME = "$(TARGET_NAME)";
				SWIFT_VERSION = 5.0;
			};
			name = Debug;
		};
		08EF852023FD7AAB00D8209A /* Release */ = {
			isa = XCBuildConfiguration;
			buildSettings = {
				CODE_SIGN_STYLE = Automatic;
				DEVELOPMENT_TEAM = WLN29ZWFG6;
				ENABLE_HARDENED_RUNTIME = YES;
				PRODUCT_NAME = "$(TARGET_NAME)";
				SWIFT_VERSION = 5.0;
			};
			name = Release;
		};
/* End XCBuildConfiguration section */

/* Begin XCConfigurationList section */
		087F084A23B3A5A3006983CA /* Build configuration list for PBXProject "ImagePreview" */ = {
			isa = XCConfigurationList;
			buildConfigurations = (
				087F086623B3A5A5006983CA /* Debug */,
				087F086723B3A5A5006983CA /* Release */,
			);
			defaultConfigurationIsVisible = 0;
			defaultConfigurationName = Release;
		};
		087F086823B3A5A5006983CA /* Build configuration list for PBXNativeTarget "ImagePreview" */ = {
			isa = XCConfigurationList;
			buildConfigurations = (
				087F086923B3A5A5006983CA /* Debug */,
				087F086A23B3A5A5006983CA /* Release */,
			);
			defaultConfigurationIsVisible = 0;
			defaultConfigurationName = Release;
		};
		087F086B23B3A5A5006983CA /* Build configuration list for PBXNativeTarget "ImagePreviewTests" */ = {
			isa = XCConfigurationList;
			buildConfigurations = (
				087F086C23B3A5A5006983CA /* Debug */,
				087F086D23B3A5A5006983CA /* Release */,
			);
			defaultConfigurationIsVisible = 0;
			defaultConfigurationName = Release;
		};
		08EF852123FD7AAB00D8209A /* Build configuration list for PBXNativeTarget "ImagePreviewLauncher" */ = {
			isa = XCConfigurationList;
			buildConfigurations = (
				08EF851F23FD7AAB00D8209A /* Debug */,
				08EF852023FD7AAB00D8209A /* Release */,
			);
			defaultConfigurationIsVisible = 0;
			defaultConfigurationName = Release;
		};
/* End XCConfigurationList section */
	};
	rootObject = 087F084723B3A5A3006983CA /* Project object */;
}
